// !$*UTF8*$!
{
	archiveVersion = 1;
	classes = {
	};
	objectVersion = 56;
	objects = {

/* Begin PBXBuildFile section */
		4443DA932BCE246C0095317D /* GLTFKit2 in Frameworks */ = {isa = PBXBuildFile; productRef = 4443DA922BCE246C0095317D /* GLTFKit2 */; };
		4443DA952BCE24830095317D /* ViewController.swift in Sources */ = {isa = PBXBuildFile; fileRef = 4443DA942BCE24830095317D /* ViewController.swift */; };
		4443DA972BCE26200095317D /* VirtualView.swift in Sources */ = {isa = PBXBuildFile; fileRef = 4443DA962BCE26200095317D /* VirtualView.swift */; };
		4443DA992BCE2A650095317D /* Labrador.glb in Resources */ = {isa = PBXBuildFile; fileRef = 4443DA982BCE2A650095317D /* Labrador.glb */; };
		4443DA9D2BCE34800095317D /* DamagedHelmet.glb in Resources */ = {isa = PBXBuildFile; fileRef = 4443DA9A2BCE2F3B0095317D /* DamagedHelmet.glb */; };
		446102CB2BC383FA008DD9C1 /* FurEverApp.swift in Sources */ = {isa = PBXBuildFile; fileRef = 446102CA2BC383FA008DD9C1 /* FurEverApp.swift */; };
		446102CD2BC383FA008DD9C1 /* ContentView.swift in Sources */ = {isa = PBXBuildFile; fileRef = 446102CC2BC383FA008DD9C1 /* ContentView.swift */; };
		446102CF2BC383FB008DD9C1 /* Assets.xcassets in Resources */ = {isa = PBXBuildFile; fileRef = 446102CE2BC383FB008DD9C1 /* Assets.xcassets */; };
		446102D22BC383FB008DD9C1 /* Preview Assets.xcassets in Resources */ = {isa = PBXBuildFile; fileRef = 446102D12BC383FB008DD9C1 /* Preview Assets.xcassets */; };
		446102D92BC38791008DD9C1 /* SignInView.swift in Sources */ = {isa = PBXBuildFile; fileRef = 446102D82BC38791008DD9C1 /* SignInView.swift */; };
		446102DB2BC39140008DD9C1 /* SignUpView.swift in Sources */ = {isa = PBXBuildFile; fileRef = 446102DA2BC39140008DD9C1 /* SignUpView.swift */; };
		446102DD2BC39461008DD9C1 /* HomeView.swift in Sources */ = {isa = PBXBuildFile; fileRef = 446102DC2BC39461008DD9C1 /* HomeView.swift */; };
		446102DF2BC39942008DD9C1 /* AccountView.swift in Sources */ = {isa = PBXBuildFile; fileRef = 446102DE2BC39942008DD9C1 /* AccountView.swift */; };
		446102E12BC3A099008DD9C1 /* CustomizationView.swift in Sources */ = {isa = PBXBuildFile; fileRef = 446102E02BC3A099008DD9C1 /* CustomizationView.swift */; };
		446102E32BC4B0DA008DD9C1 /* TestView.swift in Sources */ = {isa = PBXBuildFile; fileRef = 446102E22BC4B0DA008DD9C1 /* TestView.swift */; };
		446102E52BC4B323008DD9C1 /* InteractionView.swift in Sources */ = {isa = PBXBuildFile; fileRef = 446102E42BC4B323008DD9C1 /* InteractionView.swift */; };
		446102E72BC4B9D6008DD9C1 /* Herculanum.ttf in Resources */ = {isa = PBXBuildFile; fileRef = 446102E62BC4B9D6008DD9C1 /* Herculanum.ttf */; };
		446102EA2BC4BD05008DD9C1 /* PetView.swift in Sources */ = {isa = PBXBuildFile; fileRef = 446102E92BC4BD05008DD9C1 /* PetView.swift */; };
		44801C6D2BD3310E0042DA55 /* Labrador1.glb in Resources */ = {isa = PBXBuildFile; fileRef = 44801C6C2BD3310E0042DA55 /* Labrador1.glb */; };
		44FD8C9C2BCDD62000F4FD07 /* LoadingButton in Frameworks */ = {isa = PBXBuildFile; productRef = 44FD8C9B2BCDD62000F4FD07 /* LoadingButton */; };
		44FD8C9F2BCDFB1300F4FD07 /* SwiftSpeech in Frameworks */ = {isa = PBXBuildFile; productRef = 44FD8C9E2BCDFB1300F4FD07 /* SwiftSpeech */; };
/* End PBXBuildFile section */

/* Begin PBXFileReference section */
		4443DA942BCE24830095317D /* ViewController.swift */ = {isa = PBXFileReference; lastKnownFileType = sourcecode.swift; path = ViewController.swift; sourceTree = "<group>"; };
		4443DA962BCE26200095317D /* VirtualView.swift */ = {isa = PBXFileReference; lastKnownFileType = sourcecode.swift; path = VirtualView.swift; sourceTree = "<group>"; };
		4443DA982BCE2A650095317D /* Labrador.glb */ = {isa = PBXFileReference; lastKnownFileType = file; path = Labrador.glb; sourceTree = "<group>"; };
		4443DA9A2BCE2F3B0095317D /* DamagedHelmet.glb */ = {isa = PBXFileReference; lastKnownFileType = file; path = DamagedHelmet.glb; sourceTree = "<group>"; };
		446102C72BC383FA008DD9C1 /* FurEver.app */ = {isa = PBXFileReference; explicitFileType = wrapper.application; includeInIndex = 0; path = FurEver.app; sourceTree = BUILT_PRODUCTS_DIR; };
		446102CA2BC383FA008DD9C1 /* FurEverApp.swift */ = {isa = PBXFileReference; lastKnownFileType = sourcecode.swift; path = FurEverApp.swift; sourceTree = "<group>"; };
		446102CC2BC383FA008DD9C1 /* ContentView.swift */ = {isa = PBXFileReference; lastKnownFileType = sourcecode.swift; path = ContentView.swift; sourceTree = "<group>"; };
		446102CE2BC383FB008DD9C1 /* Assets.xcassets */ = {isa = PBXFileReference; lastKnownFileType = folder.assetcatalog; path = Assets.xcassets; sourceTree = "<group>"; };
		446102D12BC383FB008DD9C1 /* Preview Assets.xcassets */ = {isa = PBXFileReference; lastKnownFileType = folder.assetcatalog; path = "Preview Assets.xcassets"; sourceTree = "<group>"; };
		446102D82BC38791008DD9C1 /* SignInView.swift */ = {isa = PBXFileReference; lastKnownFileType = sourcecode.swift; path = SignInView.swift; sourceTree = "<group>"; };
		446102DA2BC39140008DD9C1 /* SignUpView.swift */ = {isa = PBXFileReference; lastKnownFileType = sourcecode.swift; path = SignUpView.swift; sourceTree = "<group>"; };
		446102DC2BC39461008DD9C1 /* HomeView.swift */ = {isa = PBXFileReference; lastKnownFileType = sourcecode.swift; path = HomeView.swift; sourceTree = "<group>"; };
		446102DE2BC39942008DD9C1 /* AccountView.swift */ = {isa = PBXFileReference; lastKnownFileType = sourcecode.swift; path = AccountView.swift; sourceTree = "<group>"; };
		446102E02BC3A099008DD9C1 /* CustomizationView.swift */ = {isa = PBXFileReference; lastKnownFileType = sourcecode.swift; path = CustomizationView.swift; sourceTree = "<group>"; };
		446102E22BC4B0DA008DD9C1 /* TestView.swift */ = {isa = PBXFileReference; lastKnownFileType = sourcecode.swift; path = TestView.swift; sourceTree = "<group>"; };
		446102E42BC4B323008DD9C1 /* InteractionView.swift */ = {isa = PBXFileReference; lastKnownFileType = sourcecode.swift; path = InteractionView.swift; sourceTree = "<group>"; };
		446102E62BC4B9D6008DD9C1 /* Herculanum.ttf */ = {isa = PBXFileReference; lastKnownFileType = file; path = Herculanum.ttf; sourceTree = "<group>"; };
		446102E82BC4BA15008DD9C1 /* Info.plist */ = {isa = PBXFileReference; lastKnownFileType = text.plist; path = Info.plist; sourceTree = "<group>"; };
		446102E92BC4BD05008DD9C1 /* PetView.swift */ = {isa = PBXFileReference; lastKnownFileType = sourcecode.swift; path = PetView.swift; sourceTree = "<group>"; };
		44801C6C2BD3310E0042DA55 /* Labrador1.glb */ = {isa = PBXFileReference; lastKnownFileType = file; path = Labrador1.glb; sourceTree = "<group>"; };
/* End PBXFileReference section */

/* Begin PBXFrameworksBuildPhase section */
		446102C42BC383FA008DD9C1 /* Frameworks */ = {
			isa = PBXFrameworksBuildPhase;
			buildActionMask = 2147483647;
			files = (
				44FD8C9F2BCDFB1300F4FD07 /* SwiftSpeech in Frameworks */,
				44FD8C9C2BCDD62000F4FD07 /* LoadingButton in Frameworks */,
				4443DA932BCE246C0095317D /* GLTFKit2 in Frameworks */,
			);
			runOnlyForDeploymentPostprocessing = 0;
		};
/* End PBXFrameworksBuildPhase section */

/* Begin PBXGroup section */
		4443DA9C2BCE343F0095317D /* Models */ = {
			isa = PBXGroup;
			children = (
			);
			path = Models;
			sourceTree = "<group>";
		};
		446102BE2BC383FA008DD9C1 = {
			isa = PBXGroup;
			children = (
				446102C92BC383FA008DD9C1 /* FurEver */,
				446102C82BC383FA008DD9C1 /* Products */,
			);
			sourceTree = "<group>";
		};
		446102C82BC383FA008DD9C1 /* Products */ = {
			isa = PBXGroup;
			children = (
				446102C72BC383FA008DD9C1 /* FurEver.app */,
			);
			name = Products;
			sourceTree = "<group>";
		};
		446102C92BC383FA008DD9C1 /* FurEver */ = {
			isa = PBXGroup;
			children = (
				4443DA9A2BCE2F3B0095317D /* DamagedHelmet.glb */,
				4443DA982BCE2A650095317D /* Labrador.glb */,
				44801C6C2BD3310E0042DA55 /* Labrador1.glb */,
				4443DA9C2BCE343F0095317D /* Models */,
				446102E82BC4BA15008DD9C1 /* Info.plist */,
				446102CA2BC383FA008DD9C1 /* FurEverApp.swift */,
				446102D82BC38791008DD9C1 /* SignInView.swift */,
				446102DA2BC39140008DD9C1 /* SignUpView.swift */,
				446102DC2BC39461008DD9C1 /* HomeView.swift */,
				446102E02BC3A099008DD9C1 /* CustomizationView.swift */,
				446102DE2BC39942008DD9C1 /* AccountView.swift */,
				446102CC2BC383FA008DD9C1 /* ContentView.swift */,
				446102E42BC4B323008DD9C1 /* InteractionView.swift */,
				446102E92BC4BD05008DD9C1 /* PetView.swift */,
				446102E22BC4B0DA008DD9C1 /* TestView.swift */,
				4443DA942BCE24830095317D /* ViewController.swift */,
				4443DA962BCE26200095317D /* VirtualView.swift */,
				446102E62BC4B9D6008DD9C1 /* Herculanum.ttf */,
				446102CE2BC383FB008DD9C1 /* Assets.xcassets */,
				446102D02BC383FB008DD9C1 /* Preview Content */,
			);
			path = FurEver;
			sourceTree = "<group>";
		};
		446102D02BC383FB008DD9C1 /* Preview Content */ = {
			isa = PBXGroup;
			children = (
				446102D12BC383FB008DD9C1 /* Preview Assets.xcassets */,
			);
			path = "Preview Content";
			sourceTree = "<group>";
		};
/* End PBXGroup section */

/* Begin PBXNativeTarget section */
		446102C62BC383FA008DD9C1 /* FurEver */ = {
			isa = PBXNativeTarget;
			buildConfigurationList = 446102D52BC383FB008DD9C1 /* Build configuration list for PBXNativeTarget "FurEver" */;
			buildPhases = (
				446102C32BC383FA008DD9C1 /* Sources */,
				446102C42BC383FA008DD9C1 /* Frameworks */,
				446102C52BC383FA008DD9C1 /* Resources */,
			);
			buildRules = (
			);
			dependencies = (
			);
			name = FurEver;
			packageProductDependencies = (
				44FD8C9B2BCDD62000F4FD07 /* LoadingButton */,
				44FD8C9E2BCDFB1300F4FD07 /* SwiftSpeech */,
				4443DA922BCE246C0095317D /* GLTFKit2 */,
			);
			productName = FurEver;
			productReference = 446102C72BC383FA008DD9C1 /* FurEver.app */;
			productType = "com.apple.product-type.application";
		};
/* End PBXNativeTarget section */

/* Begin PBXProject section */
		446102BF2BC383FA008DD9C1 /* Project object */ = {
			isa = PBXProject;
			attributes = {
				BuildIndependentTargetsInParallel = 1;
				LastSwiftUpdateCheck = 1530;
				LastUpgradeCheck = 1530;
				TargetAttributes = {
					446102C62BC383FA008DD9C1 = {
						CreatedOnToolsVersion = 15.3;
					};
				};
			};
			buildConfigurationList = 446102C22BC383FA008DD9C1 /* Build configuration list for PBXProject "FurEver" */;
			compatibilityVersion = "Xcode 14.0";
			developmentRegion = en;
			hasScannedForEncodings = 0;
			knownRegions = (
				en,
				Base,
			);
			mainGroup = 446102BE2BC383FA008DD9C1;
			packageReferences = (
				44FD8C9A2BCDD62000F4FD07 /* XCRemoteSwiftPackageReference "LoadingButton" */,
				44FD8C9D2BCDFB1300F4FD07 /* XCRemoteSwiftPackageReference "SwiftSpeech" */,
				4443DA912BCE246C0095317D /* XCRemoteSwiftPackageReference "GLTFKit2" */,
			);
			productRefGroup = 446102C82BC383FA008DD9C1 /* Products */;
			projectDirPath = "";
			projectRoot = "";
			targets = (
				446102C62BC383FA008DD9C1 /* FurEver */,
			);
		};
/* End PBXProject section */

/* Begin PBXResourcesBuildPhase section */
		446102C52BC383FA008DD9C1 /* Resources */ = {
			isa = PBXResourcesBuildPhase;
			buildActionMask = 2147483647;
			files = (
				44801C6D2BD3310E0042DA55 /* Labrador1.glb in Resources */,
				446102E72BC4B9D6008DD9C1 /* Herculanum.ttf in Resources */,
				446102D22BC383FB008DD9C1 /* Preview Assets.xcassets in Resources */,
				4443DA992BCE2A650095317D /* Labrador.glb in Resources */,
				446102CF2BC383FB008DD9C1 /* Assets.xcassets in Resources */,
				4443DA9D2BCE34800095317D /* DamagedHelmet.glb in Resources */,
			);
			runOnlyForDeploymentPostprocessing = 0;
		};
/* End PBXResourcesBuildPhase section */

/* Begin PBXSourcesBuildPhase section */
		446102C32BC383FA008DD9C1 /* Sources */ = {
			isa = PBXSourcesBuildPhase;
			buildActionMask = 2147483647;
			files = (
				446102DF2BC39942008DD9C1 /* AccountView.swift in Sources */,
				446102E52BC4B323008DD9C1 /* InteractionView.swift in Sources */,
				4443DA952BCE24830095317D /* ViewController.swift in Sources */,
				446102DB2BC39140008DD9C1 /* SignUpView.swift in Sources */,
				446102D92BC38791008DD9C1 /* SignInView.swift in Sources */,
				446102EA2BC4BD05008DD9C1 /* PetView.swift in Sources */,
				446102E12BC3A099008DD9C1 /* CustomizationView.swift in Sources */,
				446102E32BC4B0DA008DD9C1 /* TestView.swift in Sources */,
				446102CD2BC383FA008DD9C1 /* ContentView.swift in Sources */,
				446102DD2BC39461008DD9C1 /* HomeView.swift in Sources */,
				4443DA972BCE26200095317D /* VirtualView.swift in Sources */,
				446102CB2BC383FA008DD9C1 /* FurEverApp.swift in Sources */,
			);
			runOnlyForDeploymentPostprocessing = 0;
		};
/* End PBXSourcesBuildPhase section */

/* Begin XCBuildConfiguration section */
		446102D32BC383FB008DD9C1 /* Debug */ = {
			isa = XCBuildConfiguration;
			buildSettings = {
				ALWAYS_SEARCH_USER_PATHS = NO;
				ASSETCATALOG_COMPILER_GENERATE_SWIFT_ASSET_SYMBOL_EXTENSIONS = YES;
				CLANG_ANALYZER_NONNULL = YES;
				CLANG_ANALYZER_NUMBER_OBJECT_CONVERSION = YES_AGGRESSIVE;
				CLANG_CXX_LANGUAGE_STANDARD = "gnu++20";
				CLANG_ENABLE_MODULES = YES;
				CLANG_ENABLE_OBJC_ARC = YES;
				CLANG_ENABLE_OBJC_WEAK = YES;
				CLANG_WARN_BLOCK_CAPTURE_AUTORELEASING = YES;
				CLANG_WARN_BOOL_CONVERSION = YES;
				CLANG_WARN_COMMA = YES;
				CLANG_WARN_CONSTANT_CONVERSION = YES;
				CLANG_WARN_DEPRECATED_OBJC_IMPLEMENTATIONS = YES;
				CLANG_WARN_DIRECT_OBJC_ISA_USAGE = YES_ERROR;
				CLANG_WARN_DOCUMENTATION_COMMENTS = YES;
				CLANG_WARN_EMPTY_BODY = YES;
				CLANG_WARN_ENUM_CONVERSION = YES;
				CLANG_WARN_INFINITE_RECURSION = YES;
				CLANG_WARN_INT_CONVERSION = YES;
				CLANG_WARN_NON_LITERAL_NULL_CONVERSION = YES;
				CLANG_WARN_OBJC_IMPLICIT_RETAIN_SELF = YES;
				CLANG_WARN_OBJC_LITERAL_CONVERSION = YES;
				CLANG_WARN_OBJC_ROOT_CLASS = YES_ERROR;
				CLANG_WARN_QUOTED_INCLUDE_IN_FRAMEWORK_HEADER = YES;
				CLANG_WARN_RANGE_LOOP_ANALYSIS = YES;
				CLANG_WARN_STRICT_PROTOTYPES = YES;
				CLANG_WARN_SUSPICIOUS_MOVE = YES;
				CLANG_WARN_UNGUARDED_AVAILABILITY = YES_AGGRESSIVE;
				CLANG_WARN_UNREACHABLE_CODE = YES;
				CLANG_WARN__DUPLICATE_METHOD_MATCH = YES;
				COPY_PHASE_STRIP = NO;
				DEBUG_INFORMATION_FORMAT = dwarf;
				ENABLE_STRICT_OBJC_MSGSEND = YES;
				ENABLE_TESTABILITY = YES;
				ENABLE_USER_SCRIPT_SANDBOXING = YES;
				GCC_C_LANGUAGE_STANDARD = gnu17;
				GCC_DYNAMIC_NO_PIC = NO;
				GCC_NO_COMMON_BLOCKS = YES;
				GCC_OPTIMIZATION_LEVEL = 0;
				GCC_PREPROCESSOR_DEFINITIONS = (
					"DEBUG=1",
					"$(inherited)",
				);
				GCC_WARN_64_TO_32_BIT_CONVERSION = YES;
				GCC_WARN_ABOUT_RETURN_TYPE = YES_ERROR;
				GCC_WARN_UNDECLARED_SELECTOR = YES;
				GCC_WARN_UNINITIALIZED_AUTOS = YES_AGGRESSIVE;
				GCC_WARN_UNUSED_FUNCTION = YES;
				GCC_WARN_UNUSED_VARIABLE = YES;
				IPHONEOS_DEPLOYMENT_TARGET = 17.4;
				LOCALIZATION_PREFERS_STRING_CATALOGS = YES;
				MTL_ENABLE_DEBUG_INFO = INCLUDE_SOURCE;
				MTL_FAST_MATH = YES;
				ONLY_ACTIVE_ARCH = YES;
				SDKROOT = iphoneos;
				SWIFT_ACTIVE_COMPILATION_CONDITIONS = "DEBUG $(inherited)";
				SWIFT_OPTIMIZATION_LEVEL = "-Onone";
			};
			name = Debug;
		};
		446102D42BC383FB008DD9C1 /* Release */ = {
			isa = XCBuildConfiguration;
			buildSettings = {
				ALWAYS_SEARCH_USER_PATHS = NO;
				ASSETCATALOG_COMPILER_GENERATE_SWIFT_ASSET_SYMBOL_EXTENSIONS = YES;
				CLANG_ANALYZER_NONNULL = YES;
				CLANG_ANALYZER_NUMBER_OBJECT_CONVERSION = YES_AGGRESSIVE;
				CLANG_CXX_LANGUAGE_STANDARD = "gnu++20";
				CLANG_ENABLE_MODULES = YES;
				CLANG_ENABLE_OBJC_ARC = YES;
				CLANG_ENABLE_OBJC_WEAK = YES;
				CLANG_WARN_BLOCK_CAPTURE_AUTORELEASING = YES;
				CLANG_WARN_BOOL_CONVERSION = YES;
				CLANG_WARN_COMMA = YES;
				CLANG_WARN_CONSTANT_CONVERSION = YES;
				CLANG_WARN_DEPRECATED_OBJC_IMPLEMENTATIONS = YES;
				CLANG_WARN_DIRECT_OBJC_ISA_USAGE = YES_ERROR;
				CLANG_WARN_DOCUMENTATION_COMMENTS = YES;
				CLANG_WARN_EMPTY_BODY = YES;
				CLANG_WARN_ENUM_CONVERSION = YES;
				CLANG_WARN_INFINITE_RECURSION = YES;
				CLANG_WARN_INT_CONVERSION = YES;
				CLANG_WARN_NON_LITERAL_NULL_CONVERSION = YES;
				CLANG_WARN_OBJC_IMPLICIT_RETAIN_SELF = YES;
				CLANG_WARN_OBJC_LITERAL_CONVERSION = YES;
				CLANG_WARN_OBJC_ROOT_CLASS = YES_ERROR;
				CLANG_WARN_QUOTED_INCLUDE_IN_FRAMEWORK_HEADER = YES;
				CLANG_WARN_RANGE_LOOP_ANALYSIS = YES;
				CLANG_WARN_STRICT_PROTOTYPES = YES;
				CLANG_WARN_SUSPICIOUS_MOVE = YES;
				CLANG_WARN_UNGUARDED_AVAILABILITY = YES_AGGRESSIVE;
				CLANG_WARN_UNREACHABLE_CODE = YES;
				CLANG_WARN__DUPLICATE_METHOD_MATCH = YES;
				COPY_PHASE_STRIP = NO;
				DEBUG_INFORMATION_FORMAT = "dwarf-with-dsym";
				ENABLE_NS_ASSERTIONS = NO;
				ENABLE_STRICT_OBJC_MSGSEND = YES;
				ENABLE_USER_SCRIPT_SANDBOXING = YES;
				GCC_C_LANGUAGE_STANDARD = gnu17;
				GCC_NO_COMMON_BLOCKS = YES;
				GCC_WARN_64_TO_32_BIT_CONVERSION = YES;
				GCC_WARN_ABOUT_RETURN_TYPE = YES_ERROR;
				GCC_WARN_UNDECLARED_SELECTOR = YES;
				GCC_WARN_UNINITIALIZED_AUTOS = YES_AGGRESSIVE;
				GCC_WARN_UNUSED_FUNCTION = YES;
				GCC_WARN_UNUSED_VARIABLE = YES;
				IPHONEOS_DEPLOYMENT_TARGET = 17.4;
				LOCALIZATION_PREFERS_STRING_CATALOGS = YES;
				MTL_ENABLE_DEBUG_INFO = NO;
				MTL_FAST_MATH = YES;
				SDKROOT = iphoneos;
				SWIFT_COMPILATION_MODE = wholemodule;
				VALIDATE_PRODUCT = YES;
			};
			name = Release;
		};
		446102D62BC383FB008DD9C1 /* Debug */ = {
			isa = XCBuildConfiguration;
			buildSettings = {
				ASSETCATALOG_COMPILER_APPICON_NAME = AppIcon;
				ASSETCATALOG_COMPILER_GLOBAL_ACCENT_COLOR_NAME = AccentColor;
				CODE_SIGN_STYLE = Automatic;
				CURRENT_PROJECT_VERSION = 1;
				DEVELOPMENT_ASSET_PATHS = "\"FurEver/Preview Content\"";
				DEVELOPMENT_TEAM = 356XC3P4M8;
				ENABLE_PREVIEWS = YES;
				GENERATE_INFOPLIST_FILE = YES;
				INFOPLIST_FILE = FurEver/Info.plist;
				INFOPLIST_KEY_UIApplicationSceneManifest_Generation = YES;
				INFOPLIST_KEY_UIApplicationSupportsIndirectInputEvents = YES;
				INFOPLIST_KEY_UILaunchScreen_Generation = YES;
				INFOPLIST_KEY_UISupportedInterfaceOrientations_iPad = "UIInterfaceOrientationPortrait UIInterfaceOrientationPortraitUpsideDown UIInterfaceOrientationLandscapeLeft UIInterfaceOrientationLandscapeRight";
				INFOPLIST_KEY_UISupportedInterfaceOrientations_iPhone = "UIInterfaceOrientationPortrait UIInterfaceOrientationLandscapeLeft UIInterfaceOrientationLandscapeRight";
				LD_RUNPATH_SEARCH_PATHS = (
					"$(inherited)",
					"@executable_path/Frameworks",
				);
				MARKETING_VERSION = 1.0;
				PRODUCT_BUNDLE_IDENTIFIER = cerf.FurEver;
				PRODUCT_NAME = "$(TARGET_NAME)";
				SWIFT_EMIT_LOC_STRINGS = YES;
				SWIFT_VERSION = 5.0;
				TARGETED_DEVICE_FAMILY = "1,2";
			};
			name = Debug;
		};
		446102D72BC383FB008DD9C1 /* Release */ = {
			isa = XCBuildConfiguration;
			buildSettings = {
				ASSETCATALOG_COMPILER_APPICON_NAME = AppIcon;
				ASSETCATALOG_COMPILER_GLOBAL_ACCENT_COLOR_NAME = AccentColor;
				CODE_SIGN_STYLE = Automatic;
				CURRENT_PROJECT_VERSION = 1;
				DEVELOPMENT_ASSET_PATHS = "\"FurEver/Preview Content\"";
				DEVELOPMENT_TEAM = 356XC3P4M8;
				ENABLE_PREVIEWS = YES;
				GENERATE_INFOPLIST_FILE = YES;
				INFOPLIST_FILE = FurEver/Info.plist;
				INFOPLIST_KEY_UIApplicationSceneManifest_Generation = YES;
				INFOPLIST_KEY_UIApplicationSupportsIndirectInputEvents = YES;
				INFOPLIST_KEY_UILaunchScreen_Generation = YES;
				INFOPLIST_KEY_UISupportedInterfaceOrientations_iPad = "UIInterfaceOrientationPortrait UIInterfaceOrientationPortraitUpsideDown UIInterfaceOrientationLandscapeLeft UIInterfaceOrientationLandscapeRight";
				INFOPLIST_KEY_UISupportedInterfaceOrientations_iPhone = "UIInterfaceOrientationPortrait UIInterfaceOrientationLandscapeLeft UIInterfaceOrientationLandscapeRight";
				LD_RUNPATH_SEARCH_PATHS = (
					"$(inherited)",
					"@executable_path/Frameworks",
				);
				MARKETING_VERSION = 1.0;
				PRODUCT_BUNDLE_IDENTIFIER = cerf.FurEver;
				PRODUCT_NAME = "$(TARGET_NAME)";
				SWIFT_EMIT_LOC_STRINGS = YES;
				SWIFT_VERSION = 5.0;
				TARGETED_DEVICE_FAMILY = "1,2";
			};
			name = Release;
		};
/* End XCBuildConfiguration section */

/* Begin XCConfigurationList section */
		446102C22BC383FA008DD9C1 /* Build configuration list for PBXProject "FurEver" */ = {
			isa = XCConfigurationList;
			buildConfigurations = (
				446102D32BC383FB008DD9C1 /* Debug */,
				446102D42BC383FB008DD9C1 /* Release */,
			);
			defaultConfigurationIsVisible = 0;
			defaultConfigurationName = Release;
		};
		446102D52BC383FB008DD9C1 /* Build configuration list for PBXNativeTarget "FurEver" */ = {
			isa = XCConfigurationList;
			buildConfigurations = (
				446102D62BC383FB008DD9C1 /* Debug */,
				446102D72BC383FB008DD9C1 /* Release */,
			);
			defaultConfigurationIsVisible = 0;
			defaultConfigurationName = Release;
		};
/* End XCConfigurationList section */

/* Begin XCRemoteSwiftPackageReference section */
		4443DA912BCE246C0095317D /* XCRemoteSwiftPackageReference "GLTFKit2" */ = {
			isa = XCRemoteSwiftPackageReference;
			repositoryURL = "https://github.com/warrenm/GLTFKit2";
			requirement = {
				kind = upToNextMajorVersion;
				minimumVersion = 0.5.9;
			};
		};
		44FD8C9A2BCDD62000F4FD07 /* XCRemoteSwiftPackageReference "LoadingButton" */ = {
			isa = XCRemoteSwiftPackageReference;
			repositoryURL = "https://github.com/Changemin/LoadingButton";
			requirement = {
				kind = upToNextMajorVersion;
				minimumVersion = 1.1.2;
			};
		};
		44FD8C9D2BCDFB1300F4FD07 /* XCRemoteSwiftPackageReference "SwiftSpeech" */ = {
			isa = XCRemoteSwiftPackageReference;
			repositoryURL = "https://github.com/Cay-Zhang/SwiftSpeech";
			requirement = {
				branch = master;
				kind = branch;
			};
		};
/* End XCRemoteSwiftPackageReference section */

/* Begin XCSwiftPackageProductDependency section */
		4443DA922BCE246C0095317D /* GLTFKit2 */ = {
			isa = XCSwiftPackageProductDependency;
			package = 4443DA912BCE246C0095317D /* XCRemoteSwiftPackageReference "GLTFKit2" */;
			productName = GLTFKit2;
		};
		44FD8C9B2BCDD62000F4FD07 /* LoadingButton */ = {
			isa = XCSwiftPackageProductDependency;
			package = 44FD8C9A2BCDD62000F4FD07 /* XCRemoteSwiftPackageReference "LoadingButton" */;
			productName = LoadingButton;
		};
		44FD8C9E2BCDFB1300F4FD07 /* SwiftSpeech */ = {
			isa = XCSwiftPackageProductDependency;
			package = 44FD8C9D2BCDFB1300F4FD07 /* XCRemoteSwiftPackageReference "SwiftSpeech" */;
			productName = SwiftSpeech;
		};
/* End XCSwiftPackageProductDependency section */
	};
	rootObject = 446102BF2BC383FA008DD9C1 /* Project object */;
}
